<?xml version="1.0" encoding="utf-8"?>
<Project ToolsVersion="4.0" xmlns="http://schemas.microsoft.com/developer/msbuild/2003">
  <ItemGroup>
    <Filter Include="Table">
      <UniqueIdentifier>{7f8fb51a-c814-4747-a791-26f20e42e713}</UniqueIdentifier>
    </Filter>
    <Filter Include="NetWorkManager">
      <UniqueIdentifier>{ae1585c7-43a8-4339-bf15-aaafe12b070c}</UniqueIdentifier>
    </Filter>
    <Filter Include="PacketHandler">
      <UniqueIdentifier>{a04884cd-420e-4695-97aa-a1251a3b42db}</UniqueIdentifier>
    </Filter>
    <Filter Include="Packet">
      <UniqueIdentifier>{f66adfde-e6f0-4823-aab7-5e89f2f6dde2}</UniqueIdentifier>
    </Filter>
    <Filter Include="GameLogicCommon">
      <UniqueIdentifier>{d21e0c57-42d5-4f7b-9620-31b71454b530}</UniqueIdentifier>
    </Filter>
    <Filter Include="Object">
      <UniqueIdentifier>{b146f716-8992-4b10-aad3-f4aa9897807c}</UniqueIdentifier>
    </Filter>
    <Filter Include="ObjectPool">
      <UniqueIdentifier>{cfff22a5-da61-44a2-9bf3-64e7fb84d3cc}</UniqueIdentifier>
    </Filter>
    <Filter Include="Scene">
      <UniqueIdentifier>{556757cb-2751-4f12-af01-82537bc25513}</UniqueIdentifier>
    </Filter>
  </ItemGroup>
  <ItemGroup>
    <ClCompile Include="..\..\Src\Logic\Table\GYTableManager.cpp">
      <Filter>Table</Filter>
    </ClCompile>
    <ClCompile Include="..\..\Src\Logic\NetWork\GYGatewaySession.cpp">
      <Filter>NetWorkManager</Filter>
    </ClCompile>
    <ClCompile Include="..\..\Src\Logic\NetWork\GYNetWorkManager.cpp">
      <Filter>NetWorkManager</Filter>
    </ClCompile>
    <ClCompile Include="..\..\Src\Logic\PacketHandler\GYLoginPacketHandler.cpp">
      <Filter>PacketHandler</Filter>
    </ClCompile>
    <ClCompile Include="..\..\Src\Logic\PacketHandler\GYLogoutPacketHandler.cpp">
      <Filter>PacketHandler</Filter>
    </ClCompile>
    <ClCompile Include="..\..\Src\Logic\PacketHandler\GYTestPacketHandler.cpp">
      <Filter>PacketHandler</Filter>
    </ClCompile>
    <ClCompile Include="..\..\Src\Logic\Packet\GYPacketFactoryManager.cpp">
      <Filter>Packet</Filter>
    </ClCompile>
    <ClCompile Include="..\..\Src\Logic\Packet\GYPacketFactoryRegister.cpp">
      <Filter>Packet</Filter>
    </ClCompile>
    <ClCompile Include="..\..\Src\Logic\Object\GYGameCreature.cpp">
      <Filter>Object</Filter>
    </ClCompile>
    <ClCompile Include="..\..\Src\Logic\Object\GYGameHuman.cpp">
      <Filter>Object</Filter>
    </ClCompile>
    <ClCompile Include="..\..\Src\Logic\Scene\GYArea.cpp">
      <Filter>Scene</Filter>
    </ClCompile>
    <ClCompile Include="..\..\Src\Logic\Scene\GYScene.cpp">
      <Filter>Scene</Filter>
    </ClCompile>
    <ClCompile Include="..\..\Src\Logic\Scene\GYZone.cpp">
      <Filter>Scene</Filter>
    </ClCompile>
    <ClCompile Include="..\..\Src\Logic\GYServer.cpp" />
    <ClCompile Include="..\..\Src\Logic\main.cpp" />
  </ItemGroup>
  <ItemGroup>
    <ClInclude Include="..\..\Src\Logic\Table\GYTableManager.h">
      <Filter>Table</Filter>
    </ClInclude>
    <ClInclude Include="..\..\Src\Logic\NetWork\GYGatewaySession.h">
      <Filter>NetWorkManager</Filter>
    </ClInclude>
    <ClInclude Include="..\..\Src\Logic\NetWork\GYNetWorkManager.h">
      <Filter>NetWorkManager</Filter>
    </ClInclude>
    <ClInclude Include="..\..\Src\Logic\PacketHandler\GYPacketHandler.h">
      <Filter>PacketHandler</Filter>
    </ClInclude>
    <ClInclude Include="..\..\Src\Logic\PacketHandler\GYPacketHandlerCommon.h">
      <Filter>PacketHandler</Filter>
    </ClInclude>
    <ClInclude Include="..\..\Src\Logic\Packet\GYPacketFactoryManager.h">
      <Filter>Packet</Filter>
    </ClInclude>
    <ClInclude Include="..\..\Src\GameCommon\GameLogicCommon\GYObjectCommenDefine.h">
      <Filter>GameLogicCommon</Filter>
    </ClInclude>
    <ClInclude Include="..\..\Src\GameCommon\GameLogicCommon\GYPosition.h">
      <Filter>GameLogicCommon</Filter>
    </ClInclude>
    <ClInclude Include="..\..\Src\GameCommon\GameLogicCommon\GYRect.h">
      <Filter>GameLogicCommon</Filter>
    </ClInclude>
    <ClInclude Include="..\..\Src\Logic\Object\GYGameCreature.h">
      <Filter>Object</Filter>
    </ClInclude>
    <ClInclude Include="..\..\Src\Logic\Object\GYGameHuman.h">
      <Filter>Object</Filter>
    </ClInclude>
    <ClInclude Include="..\..\Src\Logic\Object\GYGameObject.h">
      <Filter>Object</Filter>
    </ClInclude>
    <ClInclude Include="..\..\Src\Logic\ObjectPool\GYObjectPool.h">
      <Filter>ObjectPool</Filter>
    </ClInclude>
    <ClInclude Include="..\..\Src\Logic\Scene\GYArea.h">
      <Filter>Scene</Filter>
    </ClInclude>
    <ClInclude Include="..\..\Src\Logic\Scene\GYScene.h">
      <Filter>Scene</Filter>
    </ClInclude>
    <ClInclude Include="..\..\Src\Logic\Scene\GYZone.h">
      <Filter>Scene</Filter>
    </ClInclude>
    <ClInclude Include="..\..\Src\Logic\GYServer.h" />
  </ItemGroup>
</Project>