<?xml version="1.0" encoding="utf-8"?>
<Project ToolsVersion="4.0" xmlns="http://schemas.microsoft.com/developer/msbuild/2003">
  <ItemGroup>
    <Filter Include="Table">
      <UniqueIdentifier>{063d031a-a254-44ef-af37-7ba118efe046}</UniqueIdentifier>
    </Filter>
    <Filter Include="NetWorkManager">
      <UniqueIdentifier>{e1b98adf-efde-4169-bdf4-38aaed272090}</UniqueIdentifier>
    </Filter>
    <Filter Include="PacketHandler">
      <UniqueIdentifier>{60deb7a1-57c3-49b1-a619-4387dfdd5198}</UniqueIdentifier>
    </Filter>
    <Filter Include="Packet">
      <UniqueIdentifier>{a32f1710-7df2-49b3-a1da-fdab9c5140b4}</UniqueIdentifier>
    </Filter>
    <Filter Include="Object">
      <UniqueIdentifier>{dc3983f8-4ba9-416b-8cc0-172b7adc8d56}</UniqueIdentifier>
    </Filter>
    <Filter Include="GameLogicCommon">
      <UniqueIdentifier>{c69a7ff5-dd29-438c-9a99-b00fc06cec11}</UniqueIdentifier>
    </Filter>
    <Filter Include="ObjectPool">
      <UniqueIdentifier>{c1d1f03d-7985-4dde-8420-67336df2038c}</UniqueIdentifier>
    </Filter>
    <Filter Include="Scene">
      <UniqueIdentifier>{5515f65d-6eb2-4f28-a82f-40e08f1b5cf1}</UniqueIdentifier>
    </Filter>
  </ItemGroup>
  <ItemGroup>
    <ClCompile Include="..\..\Src\Logic\Table\GYTableManager.cpp">
      <Filter>Table</Filter>
    </ClCompile>
    <ClCompile Include="..\..\Src\Logic\NetWork\GYGatewaySession.cpp">
      <Filter>NetWorkManager</Filter>
    </ClCompile>
    <ClCompile Include="..\..\Src\Logic\NetWork\GYNetWorkManager.cpp">
      <Filter>NetWorkManager</Filter>
    </ClCompile>
    <ClCompile Include="..\..\Src\Logic\PacketHandler\GYTestPacketHandler.cpp">
      <Filter>PacketHandler</Filter>
    </ClCompile>
    <ClCompile Include="..\..\Src\Logic\Packet\GYPacketFactoryManager.cpp">
      <Filter>Packet</Filter>
    </ClCompile>
    <ClCompile Include="..\..\Src\Logic\Packet\GYPacketFactoryRegister.cpp">
      <Filter>Packet</Filter>
    </ClCompile>
    <ClCompile Include="..\..\Src\Logic\GYServer.cpp" />
    <ClCompile Include="..\..\Src\Logic\main.cpp" />
    <ClCompile Include="..\..\Src\Logic\Object\GYGameHuman.cpp">
      <Filter>Object</Filter>
    </ClCompile>
    <ClCompile Include="..\..\Src\Logic\PacketHandler\GYLoginPacketHandler.cpp">
      <Filter>PacketHandler</Filter>
    </ClCompile>
    <ClCompile Include="..\..\Src\Logic\Scene\GYArea.cpp">
      <Filter>Scene</Filter>
    </ClCompile>
    <ClCompile Include="..\..\Src\Logic\Scene\GYScene.cpp">
      <Filter>Scene</Filter>
    </ClCompile>
    <ClCompile Include="..\..\Src\Logic\Scene\GYZone.cpp">
      <Filter>Scene</Filter>
    </ClCompile>
    <ClCompile Include="..\..\Src\Logic\PacketHandler\GYLogoutPacketHandler.cpp">
      <Filter>PacketHandler</Filter>
    </ClCompile>
  </ItemGroup>
  <ItemGroup>
    <ClInclude Include="..\..\Src\Logic\Table\GYTableManager.h">
      <Filter>Table</Filter>
    </ClInclude>
    <ClInclude Include="..\..\Src\Logic\NetWork\GYGatewaySession.h">
      <Filter>NetWorkManager</Filter>
    </ClInclude>
    <ClInclude Include="..\..\Src\Logic\NetWork\GYNetWorkManager.h">
      <Filter>NetWorkManager</Filter>
    </ClInclude>
    <ClInclude Include="..\..\Src\Logic\PacketHandler\GYPacketHandler.h">
      <Filter>PacketHandler</Filter>
    </ClInclude>
    <ClInclude Include="..\..\Src\Logic\PacketHandler\GYPacketHandlerCommon.h">
      <Filter>PacketHandler</Filter>
    </ClInclude>
    <ClInclude Include="..\..\Src\Logic\Packet\GYPacketFactoryManager.h">
      <Filter>Packet</Filter>
    </ClInclude>
    <ClInclude Include="..\..\Src\Logic\GYServer.h" />
    <ClInclude Include="..\..\Src\GameLogicCommon\GYObjectCommenDefine.h">
      <Filter>GameLogicCommon</Filter>
    </ClInclude>
    <ClInclude Include="..\..\Src\GameLogicCommon\GameTableDefine\GYGameTableDefine.h">
      <Filter>Table</Filter>
    </ClInclude>
    <ClInclude Include="..\..\Src\Logic\Object\GYGameObject.h">
      <Filter>Object</Filter>
    </ClInclude>
    <ClInclude Include="..\..\Src\Logic\ObjectPool\GYObjectPool.h">
      <Filter>ObjectPool</Filter>
    </ClInclude>
    <ClInclude Include="..\..\Src\Logic\Object\GYGameCreature.h">
      <Filter>Object</Filter>
    </ClInclude>
    <ClInclude Include="..\..\Src\Logic\Object\GYGameHuman.h">
      <Filter>Object</Filter>
    </ClInclude>
    <ClInclude Include="..\..\Src\Logic\Scene\GYArea.h">
      <Filter>Scene</Filter>
    </ClInclude>
    <ClInclude Include="..\..\Src\Logic\Scene\GYScene.h">
      <Filter>Scene</Filter>
    </ClInclude>
    <ClInclude Include="..\..\Src\Logic\Scene\GYZone.h">
      <Filter>Scene</Filter>
    </ClInclude>
  </ItemGroup>
</Project>