
Microsoft Visual Studio Solution File, Format Version 12.00
# Visual Studio 11
Project("{8BC9CEB8-8B4A-11D0-8D11-00A0C91BC942}") = "NetWork", "NetWork\NetWork.vcxproj", "{D63B124B-4428-4033-990F-81F6A30D9DB9}"
EndProject
Project("{8BC9CEB8-8B4A-11D0-8D11-00A0C91BC942}") = "test", "test\test.vcxproj", "{A1EDF7F1-EF41-4C00-80D2-93A809D9D90A}"
EndProject
Project("{8BC9CEB8-8B4A-11D0-8D11-00A0C91BC942}") = "Thread", "Thread\Thread.vcxproj", "{BDC69096-3762-4417-AE96-0C96DA6EC628}"
EndProject
Project("{8BC9CEB8-8B4A-11D0-8D11-00A0C91BC942}") = "GameCommon", "GameCommon\GameCommon.vcproj", "{748DBA7F-BCA6-40E0-B987-692FA66F9188}"
EndProject
Project("{8BC9CEB8-8B4A-11D0-8D11-00A0C91BC942}") = "Table", "Table\Table.vcxproj", "{29C2AD56-1725-4CCC-B25B-6FD5ED584696}"
EndProject
Project("{8BC9CEB8-8B4A-11D0-8D11-00A0C91BC942}") = "GameLogicCommon", "GameLogicCommon\GameLogicCommon.vcproj", "{8E5A1E19-C91C-447A-B869-8521521401C4}"
EndProject
Global
	GlobalSection(SolutionConfigurationPlatforms) = preSolution
		Debug|Win32 = Debug|Win32
		Release|Win32 = Release|Win32
	EndGlobalSection
	GlobalSection(ProjectConfigurationPlatforms) = postSolution
		{29C2AD56-1725-4CCC-B25B-6FD5ED584696}.Debug|Win32.ActiveCfg = Debug|Win32
		{29C2AD56-1725-4CCC-B25B-6FD5ED584696}.Debug|Win32.Build.0 = Debug|Win32
		{29C2AD56-1725-4CCC-B25B-6FD5ED584696}.Release|Win32.ActiveCfg = Release|Win32
		{29C2AD56-1725-4CCC-B25B-6FD5ED584696}.Release|Win32.Build.0 = Release|Win32
		{748DBA7F-BCA6-40E0-B987-692FA66F9188}.Debug|Win32.ActiveCfg = Debug|Win32
		{748DBA7F-BCA6-40E0-B987-692FA66F9188}.Debug|Win32.Build.0 = Debug|Win32
		{748DBA7F-BCA6-40E0-B987-692FA66F9188}.Release|Win32.ActiveCfg = Release|Win32
		{748DBA7F-BCA6-40E0-B987-692FA66F9188}.Release|Win32.Build.0 = Release|Win32
		{8E5A1E19-C91C-447A-B869-8521521401C4}.Debug|Win32.ActiveCfg = Debug|Win32
		{8E5A1E19-C91C-447A-B869-8521521401C4}.Debug|Win32.Build.0 = Debug|Win32
		{8E5A1E19-C91C-447A-B869-8521521401C4}.Release|Win32.ActiveCfg = Release|Win32
		{8E5A1E19-C91C-447A-B869-8521521401C4}.Release|Win32.Build.0 = Release|Win32
		{A1EDF7F1-EF41-4C00-80D2-93A809D9D90A}.Debug|Win32.ActiveCfg = Debug|Win32
		{A1EDF7F1-EF41-4C00-80D2-93A809D9D90A}.Debug|Win32.Build.0 = Debug|Win32
		{A1EDF7F1-EF41-4C00-80D2-93A809D9D90A}.Release|Win32.ActiveCfg = Release|Win32
		{A1EDF7F1-EF41-4C00-80D2-93A809D9D90A}.Release|Win32.Build.0 = Release|Win32
		{BDC69096-3762-4417-AE96-0C96DA6EC628}.Debug|Win32.ActiveCfg = Debug|Win32
		{BDC69096-3762-4417-AE96-0C96DA6EC628}.Debug|Win32.Build.0 = Debug|Win32
		{BDC69096-3762-4417-AE96-0C96DA6EC628}.Release|Win32.ActiveCfg = Release|Win32
		{BDC69096-3762-4417-AE96-0C96DA6EC628}.Release|Win32.Build.0 = Release|Win32
		{D63B124B-4428-4033-990F-81F6A30D9DB9}.Debug|Win32.ActiveCfg = Debug|Win32
		{D63B124B-4428-4033-990F-81F6A30D9DB9}.Debug|Win32.Build.0 = Debug|Win32
		{D63B124B-4428-4033-990F-81F6A30D9DB9}.Release|Win32.ActiveCfg = Release|Win32
		{D63B124B-4428-4033-990F-81F6A30D9DB9}.Release|Win32.Build.0 = Release|Win32
	EndGlobalSection
	GlobalSection(SolutionProperties) = preSolution
		HideSolutionNode = FALSE
	EndGlobalSection
EndGlobal
